// !$*UTF8*$!
{
	archiveVersion = 1;
	classes = {
	};
	objectVersion = 56;
	objects = {

/* Begin PBXBuildFile section */
		7194C24D2A0013930097C079 /* AppDelegate.swift in Sources */ = {isa = PBXBuildFile; fileRef = 7194C24C2A0013930097C079 /* AppDelegate.swift */; };
		7194C24F2A0013930097C079 /* SceneDelegate.swift in Sources */ = {isa = PBXBuildFile; fileRef = 7194C24E2A0013930097C079 /* SceneDelegate.swift */; };
		7194C2512A0013930097C079 /* ViewController.swift in Sources */ = {isa = PBXBuildFile; fileRef = 7194C2502A0013930097C079 /* ViewController.swift */; };
		7194C2542A0013930097C079 /* Main.storyboard in Resources */ = {isa = PBXBuildFile; fileRef = 7194C2522A0013930097C079 /* Main.storyboard */; };
		7194C2562A0013940097C079 /* Assets.xcassets in Resources */ = {isa = PBXBuildFile; fileRef = 7194C2552A0013940097C079 /* Assets.xcassets */; };
		7194C2592A0013940097C079 /* LaunchScreen.storyboard in Resources */ = {isa = PBXBuildFile; fileRef = 7194C2572A0013940097C079 /* LaunchScreen.storyboard */; };
		7194C2672A0015B50097C079 /* Cocktails.swift in Sources */ = {isa = PBXBuildFile; fileRef = 7194C2662A0015B50097C079 /* Cocktails.swift */; };
		7194C26A2A0015D30097C079 /* Networking.swift in Sources */ = {isa = PBXBuildFile; fileRef = 7194C2692A0015D30097C079 /* Networking.swift */; };
/* End PBXBuildFile section */

/* Begin PBXFileReference section */
		7194C2492A0013930097C079 /* Cocktails with URLSession.app */ = {isa = PBXFileReference; explicitFileType = wrapper.application; includeInIndex = 0; path = "Cocktails with URLSession.app"; sourceTree = BUILT_PRODUCTS_DIR; };
		7194C24C2A0013930097C079 /* AppDelegate.swift */ = {isa = PBXFileReference; lastKnownFileType = sourcecode.swift; path = AppDelegate.swift; sourceTree = "<group>"; };
		7194C24E2A0013930097C079 /* SceneDelegate.swift */ = {isa = PBXFileReference; lastKnownFileType = sourcecode.swift; path = SceneDelegate.swift; sourceTree = "<group>"; };
		7194C2502A0013930097C079 /* ViewController.swift */ = {isa = PBXFileReference; lastKnownFileType = sourcecode.swift; path = ViewController.swift; sourceTree = "<group>"; };
		7194C2532A0013930097C079 /* Base */ = {isa = PBXFileReference; lastKnownFileType = file.storyboard; name = Base; path = Base.lproj/Main.storyboard; sourceTree = "<group>"; };
		7194C2552A0013940097C079 /* Assets.xcassets */ = {isa = PBXFileReference; lastKnownFileType = folder.assetcatalog; path = Assets.xcassets; sourceTree = "<group>"; };
		7194C2582A0013940097C079 /* Base */ = {isa = PBXFileReference; lastKnownFileType = file.storyboard; name = Base; path = Base.lproj/LaunchScreen.storyboard; sourceTree = "<group>"; };
		7194C25A2A0013940097C079 /* Info.plist */ = {isa = PBXFileReference; lastKnownFileType = text.plist.xml; path = Info.plist; sourceTree = "<group>"; };
		7194C2662A0015B50097C079 /* Cocktails.swift */ = {isa = PBXFileReference; lastKnownFileType = sourcecode.swift; path = Cocktails.swift; sourceTree = "<group>"; };
		7194C2692A0015D30097C079 /* Networking.swift */ = {isa = PBXFileReference; lastKnownFileType = sourcecode.swift; path = Networking.swift; sourceTree = "<group>"; };
/* End PBXFileReference section */

/* Begin PBXFrameworksBuildPhase section */
		7194C2462A0013930097C079 /* Frameworks */ = {
			isa = PBXFrameworksBuildPhase;
			buildActionMask = 2147483647;
			files = (
			);
			runOnlyForDeploymentPostprocessing = 0;
		};
/* End PBXFrameworksBuildPhase section */

/* Begin PBXGroup section */
		7194C2402A0013920097C079 = {
			isa = PBXGroup;
			children = (
				7194C24B2A0013930097C079 /* Cocktails with URLSession */,
				7194C24A2A0013930097C079 /* Products */,
			);
			sourceTree = "<group>";
		};
		7194C24A2A0013930097C079 /* Products */ = {
			isa = PBXGroup;
			children = (
				7194C2492A0013930097C079 /* Cocktails with URLSession.app */,
			);
			name = Products;
			sourceTree = "<group>";
		};
		7194C24B2A0013930097C079 /* Cocktails with URLSession */ = {
			isa = PBXGroup;
			children = (
				7194C2652A0015960097C079 /* Networking */,
				7194C24C2A0013930097C079 /* AppDelegate.swift */,
				7194C24E2A0013930097C079 /* SceneDelegate.swift */,
				7194C2502A0013930097C079 /* ViewController.swift */,
				7194C2522A0013930097C079 /* Main.storyboard */,
				7194C2552A0013940097C079 /* Assets.xcassets */,
				7194C2572A0013940097C079 /* LaunchScreen.storyboard */,
				7194C25A2A0013940097C079 /* Info.plist */,
			);
			path = "Cocktails with URLSession";
			sourceTree = "<group>";
		};
		7194C2652A0015960097C079 /* Networking */ = {
			isa = PBXGroup;
			children = (
				7194C2692A0015D30097C079 /* Networking.swift */,
				7194C2682A0015BF0097C079 /* Data */,
			);
			path = Networking;
			sourceTree = "<group>";
		};
		7194C2682A0015BF0097C079 /* Data */ = {
			isa = PBXGroup;
			children = (
				7194C2662A0015B50097C079 /* Cocktails.swift */,
			);
			path = Data;
			sourceTree = "<group>";
		};
/* End PBXGroup section */

/* Begin PBXNativeTarget section */
		7194C2482A0013930097C079 /* Cocktails with URLSession */ = {
			isa = PBXNativeTarget;
			buildConfigurationList = 7194C25D2A0013940097C079 /* Build configuration list for PBXNativeTarget "Cocktails with URLSession" */;
			buildPhases = (
				7194C2452A0013930097C079 /* Sources */,
				7194C2462A0013930097C079 /* Frameworks */,
				7194C2472A0013930097C079 /* Resources */,
			);
			buildRules = (
			);
			dependencies = (
			);
			name = "Cocktails with URLSession";
			productName = "Cocktails with URLSession";
			productReference = 7194C2492A0013930097C079 /* Cocktails with URLSession.app */;
			productType = "com.apple.product-type.application";
		};
/* End PBXNativeTarget section */

/* Begin PBXProject section */
		7194C2412A0013920097C079 /* Project object */ = {
			isa = PBXProject;
			attributes = {
				BuildIndependentTargetsInParallel = 1;
				LastSwiftUpdateCheck = 1420;
				LastUpgradeCheck = 1420;
				TargetAttributes = {
					7194C2482A0013930097C079 = {
						CreatedOnToolsVersion = 14.2;
					};
				};
			};
			buildConfigurationList = 7194C2442A0013920097C079 /* Build configuration list for PBXProject "Cocktails with URLSession" */;
			compatibilityVersion = "Xcode 14.0";
			developmentRegion = en;
			hasScannedForEncodings = 0;
			knownRegions = (
				en,
				Base,
			);
			mainGroup = 7194C2402A0013920097C079;
			productRefGroup = 7194C24A2A0013930097C079 /* Products */;
			projectDirPath = "";
			projectRoot = "";
			targets = (
				7194C2482A0013930097C079 /* Cocktails with URLSession */,
			);
		};
/* End PBXProject section */

/* Begin PBXResourcesBuildPhase section */
		7194C2472A0013930097C079 /* Resources */ = {
			isa = PBXResourcesBuildPhase;
			buildActionMask = 2147483647;
			files = (
				7194C2592A0013940097C079 /* LaunchScreen.storyboard in Resources */,
				7194C2562A0013940097C079 /* Assets.xcassets in Resources */,
				7194C2542A0013930097C079 /* Main.storyboard in Resources */,
			);
			runOnlyForDeploymentPostprocessing = 0;
		};
/* End PBXResourcesBuildPhase section */

/* Begin PBXSourcesBuildPhase section */
		7194C2452A0013930097C079 /* Sources */ = {
			isa = PBXSourcesBuildPhase;
			buildActionMask = 2147483647;
			files = (
				7194C2512A0013930097C079 /* ViewController.swift in Sources */,
				7194C26A2A0015D30097C079 /* Networking.swift in Sources */,
				7194C24D2A0013930097C079 /* AppDelegate.swift in Sources */,
				7194C24F2A0013930097C079 /* SceneDelegate.swift in Sources */,
				7194C2672A0015B50097C079 /* Cocktails.swift in Sources */,
			);
			runOnlyForDeploymentPostprocessing = 0;
		};
/* End PBXSourcesBuildPhase section */

/* Begin PBXVariantGroup section */
		7194C2522A0013930097C079 /* Main.storyboard */ = {
			isa = PBXVariantGroup;
			children = (
				7194C2532A0013930097C079 /* Base */,
			);
			name = Main.storyboard;
			sourceTree = "<group>";
		};
		7194C2572A0013940097C079 /* LaunchScreen.storyboard */ = {
			isa = PBXVariantGroup;
			children = (
				7194C2582A0013940097C079 /* Base */,
			);
			name = LaunchScreen.storyboard;
			sourceTree = "<group>";
		};
/* End PBXVariantGroup section */

/* Begin XCBuildConfiguration section */
		7194C25B2A0013940097C079 /* Debug */ = {
			isa = XCBuildConfiguration;
			buildSettings = {
				ALWAYS_SEARCH_USER_PATHS = NO;
				CLANG_ANALYZER_NONNULL = YES;
				CLANG_ANALYZER_NUMBER_OBJECT_CONVERSION = YES_AGGRESSIVE;
				CLANG_CXX_LANGUAGE_STANDARD = "gnu++20";
				CLANG_ENABLE_MODULES = YES;
				CLANG_ENABLE_OBJC_ARC = YES;
				CLANG_ENABLE_OBJC_WEAK = YES;
				CLANG_WARN_BLOCK_CAPTURE_AUTORELEASING = YES;
				CLANG_WARN_BOOL_CONVERSION = YES;
				CLANG_WARN_COMMA = YES;
				CLANG_WARN_CONSTANT_CONVERSION = YES;
				CLANG_WARN_DEPRECATED_OBJC_IMPLEMENTATIONS = YES;
				CLANG_WARN_DIRECT_OBJC_ISA_USAGE = YES_ERROR;
				CLANG_WARN_DOCUMENTATION_COMMENTS = YES;
				CLANG_WARN_EMPTY_BODY = YES;
				CLANG_WARN_ENUM_CONVERSION = YES;
				CLANG_WARN_INFINITE_RECURSION = YES;
				CLANG_WARN_INT_CONVERSION = YES;
				CLANG_WARN_NON_LITERAL_NULL_CONVERSION = YES;
				CLANG_WARN_OBJC_IMPLICIT_RETAIN_SELF = YES;
				CLANG_WARN_OBJC_LITERAL_CONVERSION = YES;
				CLANG_WARN_OBJC_ROOT_CLASS = YES_ERROR;
				CLANG_WARN_QUOTED_INCLUDE_IN_FRAMEWORK_HEADER = YES;
				CLANG_WARN_RANGE_LOOP_ANALYSIS = YES;
				CLANG_WARN_STRICT_PROTOTYPES = YES;
				CLANG_WARN_SUSPICIOUS_MOVE = YES;
				CLANG_WARN_UNGUARDED_AVAILABILITY = YES_AGGRESSIVE;
				CLANG_WARN_UNREACHABLE_CODE = YES;
				CLANG_WARN__DUPLICATE_METHOD_MATCH = YES;
				COPY_PHASE_STRIP = NO;
				DEBUG_INFORMATION_FORMAT = dwarf;
				ENABLE_STRICT_OBJC_MSGSEND = YES;
				ENABLE_TESTABILITY = YES;
				GCC_C_LANGUAGE_STANDARD = gnu11;
				GCC_DYNAMIC_NO_PIC = NO;
				GCC_NO_COMMON_BLOCKS = YES;
				GCC_OPTIMIZATION_LEVEL = 0;
				GCC_PREPROCESSOR_DEFINITIONS = (
					"DEBUG=1",
					"$(inherited)",
				);
				GCC_WARN_64_TO_32_BIT_CONVERSION = YES;
				GCC_WARN_ABOUT_RETURN_TYPE = YES_ERROR;
				GCC_WARN_UNDECLARED_SELECTOR = YES;
				GCC_WARN_UNINITIALIZED_AUTOS = YES_AGGRESSIVE;
				GCC_WARN_UNUSED_FUNCTION = YES;
				GCC_WARN_UNUSED_VARIABLE = YES;
				IPHONEOS_DEPLOYMENT_TARGET = 16.2;
				MTL_ENABLE_DEBUG_INFO = INCLUDE_SOURCE;
				MTL_FAST_MATH = YES;
				ONLY_ACTIVE_ARCH = YES;
				SDKROOT = iphoneos;
				SWIFT_ACTIVE_COMPILATION_CONDITIONS = DEBUG;
				SWIFT_OPTIMIZATION_LEVEL = "-Onone";
			};
			name = Debug;
		};
		7194C25C2A0013940097C079 /* Release */ = {
			isa = XCBuildConfiguration;
			buildSettings = {
				ALWAYS_SEARCH_USER_PATHS = NO;
				CLANG_ANALYZER_NONNULL = YES;
				CLANG_ANALYZER_NUMBER_OBJECT_CONVERSION = YES_AGGRESSIVE;
				CLANG_CXX_LANGUAGE_STANDARD = "gnu++20";
				CLANG_ENABLE_MODULES = YES;
				CLANG_ENABLE_OBJC_ARC = YES;
				CLANG_ENABLE_OBJC_WEAK = YES;
				CLANG_WARN_BLOCK_CAPTURE_AUTORELEASING = YES;
				CLANG_WARN_BOOL_CONVERSION = YES;
				CLANG_WARN_COMMA = YES;
				CLANG_WARN_CONSTANT_CONVERSION = YES;
				CLANG_WARN_DEPRECATED_OBJC_IMPLEMENTATIONS = YES;
				CLANG_WARN_DIRECT_OBJC_ISA_USAGE = YES_ERROR;
				CLANG_WARN_DOCUMENTATION_COMMENTS = YES;
				CLANG_WARN_EMPTY_BODY = YES;
				CLANG_WARN_ENUM_CONVERSION = YES;
				CLANG_WARN_INFINITE_RECURSION = YES;
				CLANG_WARN_INT_CONVERSION = YES;
				CLANG_WARN_NON_LITERAL_NULL_CONVERSION = YES;
				CLANG_WARN_OBJC_IMPLICIT_RETAIN_SELF = YES;
				CLANG_WARN_OBJC_LITERAL_CONVERSION = YES;
				CLANG_WARN_OBJC_ROOT_CLASS = YES_ERROR;
				CLANG_WARN_QUOTED_INCLUDE_IN_FRAMEWORK_HEADER = YES;
				CLANG_WARN_RANGE_LOOP_ANALYSIS = YES;
				CLANG_WARN_STRICT_PROTOTYPES = YES;
				CLANG_WARN_SUSPICIOUS_MOVE = YES;
				CLANG_WARN_UNGUARDED_AVAILABILITY = YES_AGGRESSIVE;
				CLANG_WARN_UNREACHABLE_CODE = YES;
				CLANG_WARN__DUPLICATE_METHOD_MATCH = YES;
				COPY_PHASE_STRIP = NO;
				DEBUG_INFORMATION_FORMAT = "dwarf-with-dsym";
				ENABLE_NS_ASSERTIONS = NO;
				ENABLE_STRICT_OBJC_MSGSEND = YES;
				GCC_C_LANGUAGE_STANDARD = gnu11;
				GCC_NO_COMMON_BLOCKS = YES;
				GCC_WARN_64_TO_32_BIT_CONVERSION = YES;
				GCC_WARN_ABOUT_RETURN_TYPE = YES_ERROR;
				GCC_WARN_UNDECLARED_SELECTOR = YES;
				GCC_WARN_UNINITIALIZED_AUTOS = YES_AGGRESSIVE;
				GCC_WARN_UNUSED_FUNCTION = YES;
				GCC_WARN_UNUSED_VARIABLE = YES;
				IPHONEOS_DEPLOYMENT_TARGET = 16.2;
				MTL_ENABLE_DEBUG_INFO = NO;
				MTL_FAST_MATH = YES;
				SDKROOT = iphoneos;
				SWIFT_COMPILATION_MODE = wholemodule;
				SWIFT_OPTIMIZATION_LEVEL = "-O";
				VALIDATE_PRODUCT = YES;
			};
			name = Release;
		};
		7194C25E2A0013940097C079 /* Debug */ = {
			isa = XCBuildConfiguration;
			buildSettings = {
				ASSETCATALOG_COMPILER_APPICON_NAME = AppIcon;
				ASSETCATALOG_COMPILER_GLOBAL_ACCENT_COLOR_NAME = AccentColor;
				CODE_SIGN_STYLE = Automatic;
				CURRENT_PROJECT_VERSION = 1;
				DEVELOPMENT_TEAM = KS2MULFBQN;
				GENERATE_INFOPLIST_FILE = YES;
				INFOPLIST_FILE = "Cocktails with URLSession/Info.plist";
				INFOPLIST_KEY_UIApplicationSupportsIndirectInputEvents = YES;
				INFOPLIST_KEY_UILaunchStoryboardName = LaunchScreen;
				INFOPLIST_KEY_UIMainStoryboardFile = Main;
				INFOPLIST_KEY_UISupportedInterfaceOrientations_iPad = "UIInterfaceOrientationPortrait UIInterfaceOrientationPortraitUpsideDown UIInterfaceOrientationLandscapeLeft UIInterfaceOrientationLandscapeRight";
				INFOPLIST_KEY_UISupportedInterfaceOrientations_iPhone = "UIInterfaceOrientationPortrait UIInterfaceOrientationLandscapeLeft UIInterfaceOrientationLandscapeRight";
				LD_RUNPATH_SEARCH_PATHS = (
					"$(inherited)",
					"@executable_path/Frameworks",
				);
				MARKETING_VERSION = 1.0;
				PRODUCT_BUNDLE_IDENTIFIER = "com.marinaandres.Cocktails-with-URLSession";
				PRODUCT_NAME = "$(TARGET_NAME)";
				SWIFT_EMIT_LOC_STRINGS = YES;
				SWIFT_VERSION = 5.0;
				TARGETED_DEVICE_FAMILY = "1,2";
			};
			name = Debug;
		};
		7194C25F2A0013940097C079 /* Release */ = {
			isa = XCBuildConfiguration;
			buildSettings = {
				ASSETCATALOG_COMPILER_APPICON_NAME = AppIcon;
				ASSETCATALOG_COMPILER_GLOBAL_ACCENT_COLOR_NAME = AccentColor;
				CODE_SIGN_STYLE = Automatic;
				CURRENT_PROJECT_VERSION = 1;
				DEVELOPMENT_TEAM = KS2MULFBQN;
				GENERATE_INFOPLIST_FILE = YES;
				INFOPLIST_FILE = "Cocktails with URLSession/Info.plist";
				INFOPLIST_KEY_UIApplicationSupportsIndirectInputEvents = YES;
				INFOPLIST_KEY_UILaunchStoryboardName = LaunchScreen;
				INFOPLIST_KEY_UIMainStoryboardFile = Main;
				INFOPLIST_KEY_UISupportedInterfaceOrientations_iPad = "UIInterfaceOrientationPortrait UIInterfaceOrientationPortraitUpsideDown UIInterfaceOrientationLandscapeLeft UIInterfaceOrientationLandscapeRight";
				INFOPLIST_KEY_UISupportedInterfaceOrientations_iPhone = "UIInterfaceOrientationPortrait UIInterfaceOrientationLandscapeLeft UIInterfaceOrientationLandscapeRight";
				LD_RUNPATH_SEARCH_PATHS = (
					"$(inherited)",
					"@executable_path/Frameworks",
				);
				MARKETING_VERSION = 1.0;
				PRODUCT_BUNDLE_IDENTIFIER = "com.marinaandres.Cocktails-with-URLSession";
				PRODUCT_NAME = "$(TARGET_NAME)";
				SWIFT_EMIT_LOC_STRINGS = YES;
				SWIFT_VERSION = 5.0;
				TARGETED_DEVICE_FAMILY = "1,2";
			};
			name = Release;
		};
/* End XCBuildConfiguration section */

/* Begin XCConfigurationList section */
		7194C2442A0013920097C079 /* Build configuration list for PBXProject "Cocktails with URLSession" */ = {
			isa = XCConfigurationList;
			buildConfigurations = (
				7194C25B2A0013940097C079 /* Debug */,
				7194C25C2A0013940097C079 /* Release */,
			);
			defaultConfigurationIsVisible = 0;
			defaultConfigurationName = Release;
		};
		7194C25D2A0013940097C079 /* Build configuration list for PBXNativeTarget "Cocktails with URLSession" */ = {
			isa = XCConfigurationList;
			buildConfigurations = (
				7194C25E2A0013940097C079 /* Debug */,
				7194C25F2A0013940097C079 /* Release */,
			);
			defaultConfigurationIsVisible = 0;
			defaultConfigurationName = Release;
		};
/* End XCConfigurationList section */
	};
	rootObject = 7194C2412A0013920097C079 /* Project object */;
}
